
Microsoft Visual Studio Solution File, Format Version 12.00
# Visual Studio Version 16
VisualStudioVersion = 16.0.28729.10
MinimumVisualStudioVersion = 10.0.40219.1
Project("{9A19103F-16F7-4668-BE54-9A1E7A4F7556}") = "Utilities", "Utilities\Utilities.csproj", "{04F924C4-1D3E-46F2-AFF7-989F94053B29}"
EndProject
Project("{9A19103F-16F7-4668-BE54-9A1E7A4F7556}") = "MachineLearning", "MachineLearning\MachineLearning.csproj", "{18D587E6-AE69-4864-B2ED-9FCDDE1F23C8}"
EndProject
Project("{9A19103F-16F7-4668-BE54-9A1E7A4F7556}") = "HighPerformance", "HighPerformance\HighPerformance.csproj", "{7AB281E8-E2D3-4542-BF40-4EEF1464B27B}"
EndProject
Project("{FAE04EC0-301F-11D3-BF4B-00C04F79EFBC}") = "Utilities-Testing", "Utilities-Testing\Utilities-Testing.csproj", "{8DC17A4E-A343-4F3F-9D6F-66B6E869FCE8}"
EndProject
Global
	GlobalSection(SolutionConfigurationPlatforms) = preSolution
		Debug|Any CPU = Debug|Any CPU
		Release|Any CPU = Release|Any CPU
	EndGlobalSection
	GlobalSection(ProjectConfigurationPlatforms) = postSolution
		{04F924C4-1D3E-46F2-AFF7-989F94053B29}.Debug|Any CPU.ActiveCfg = Debug|Any CPU
		{04F924C4-1D3E-46F2-AFF7-989F94053B29}.Debug|Any CPU.Build.0 = Debug|Any CPU
		{04F924C4-1D3E-46F2-AFF7-989F94053B29}.Release|Any CPU.ActiveCfg = Release|Any CPU
		{04F924C4-1D3E-46F2-AFF7-989F94053B29}.Release|Any CPU.Build.0 = Release|Any CPU
		{18D587E6-AE69-4864-B2ED-9FCDDE1F23C8}.Debug|Any CPU.ActiveCfg = Debug|Any CPU
		{18D587E6-AE69-4864-B2ED-9FCDDE1F23C8}.Debug|Any CPU.Build.0 = Debug|Any CPU
		{18D587E6-AE69-4864-B2ED-9FCDDE1F23C8}.Release|Any CPU.ActiveCfg = Release|Any CPU
		{18D587E6-AE69-4864-B2ED-9FCDDE1F23C8}.Release|Any CPU.Build.0 = Release|Any CPU
		{7AB281E8-E2D3-4542-BF40-4EEF1464B27B}.Debug|Any CPU.ActiveCfg = Debug|Any CPU
		{7AB281E8-E2D3-4542-BF40-4EEF1464B27B}.Debug|Any CPU.Build.0 = Debug|Any CPU
		{7AB281E8-E2D3-4542-BF40-4EEF1464B27B}.Release|Any CPU.ActiveCfg = Release|Any CPU
		{7AB281E8-E2D3-4542-BF40-4EEF1464B27B}.Release|Any CPU.Build.0 = Release|Any CPU
		{8DC17A4E-A343-4F3F-9D6F-66B6E869FCE8}.Debug|Any CPU.ActiveCfg = Debug|Any CPU
		{8DC17A4E-A343-4F3F-9D6F-66B6E869FCE8}.Debug|Any CPU.Build.0 = Debug|Any CPU
		{8DC17A4E-A343-4F3F-9D6F-66B6E869FCE8}.Release|Any CPU.ActiveCfg = Release|Any CPU
		{8DC17A4E-A343-4F3F-9D6F-66B6E869FCE8}.Release|Any CPU.Build.0 = Release|Any CPU
	EndGlobalSection
	GlobalSection(SolutionProperties) = preSolution
		HideSolutionNode = FALSE
	EndGlobalSection
	GlobalSection(ExtensibilityGlobals) = postSolution
		SolutionGuid = {ED3D7D81-9630-4AE8-9246-597F4A56383F}
	EndGlobalSection
EndGlobal
